// !$*UTF8*$!
{
	archiveVersion = 1;
	classes = {
	};
	objectVersion = 46;
	objects = {

/* Begin PBXBuildFile section */
		2DE0018F1F35277500B018F8 /* main.m in Sources */ = {isa = PBXBuildFile; fileRef = 2DE0018E1F35277500B018F8 /* main.m */; };
		2DE001921F35277500B018F8 /* AppDelegate.m in Sources */ = {isa = PBXBuildFile; fileRef = 2DE001911F35277500B018F8 /* AppDelegate.m */; };
		2DE001951F35277500B018F8 /* ViewController.m in Sources */ = {isa = PBXBuildFile; fileRef = 2DE001941F35277500B018F8 /* ViewController.m */; };
		2DE001981F35277500B018F8 /* Main.storyboard in Resources */ = {isa = PBXBuildFile; fileRef = 2DE001961F35277500B018F8 /* Main.storyboard */; };
		2DE0019A1F35277500B018F8 /* Assets.xcassets in Resources */ = {isa = PBXBuildFile; fileRef = 2DE001991F35277500B018F8 /* Assets.xcassets */; };
		2DE0019D1F35277500B018F8 /* LaunchScreen.storyboard in Resources */ = {isa = PBXBuildFile; fileRef = 2DE0019B1F35277500B018F8 /* LaunchScreen.storyboard */; };
		2DE001A81F35277500B018F8 /* DiscountCalculatorTests.m in Sources */ = {isa = PBXBuildFile; fileRef = 2DE001A71F35277500B018F8 /* DiscountCalculatorTests.m */; };
		2DE001B31F35277500B018F8 /* DiscountCalculatorUITests.m in Sources */ = {isa = PBXBuildFile; fileRef = 2DE001B21F35277500B018F8 /* DiscountCalculatorUITests.m */; };
/* End PBXBuildFile section */

/* Begin PBXContainerItemProxy section */
		2DE001A41F35277500B018F8 /* PBXContainerItemProxy */ = {
			isa = PBXContainerItemProxy;
			containerPortal = 2DE001821F35277500B018F8 /* Project object */;
			proxyType = 1;
			remoteGlobalIDString = 2DE001891F35277500B018F8;
			remoteInfo = DiscountCalculator;
		};
		2DE001AF1F35277500B018F8 /* PBXContainerItemProxy */ = {
			isa = PBXContainerItemProxy;
			containerPortal = 2DE001821F35277500B018F8 /* Project object */;
			proxyType = 1;
			remoteGlobalIDString = 2DE001891F35277500B018F8;
			remoteInfo = DiscountCalculator;
		};
/* End PBXContainerItemProxy section */

/* Begin PBXFileReference section */
		2DE0018A1F35277500B018F8 /* DiscountCalculator.app */ = {isa = PBXFileReference; explicitFileType = wrapper.application; includeInIndex = 0; path = DiscountCalculator.app; sourceTree = BUILT_PRODUCTS_DIR; };
		2DE0018E1F35277500B018F8 /* main.m */ = {isa = PBXFileReference; lastKnownFileType = sourcecode.c.objc; path = main.m; sourceTree = "<group>"; };
		2DE001901F35277500B018F8 /* AppDelegate.h */ = {isa = PBXFileReference; lastKnownFileType = sourcecode.c.h; path = AppDelegate.h; sourceTree = "<group>"; };
		2DE001911F35277500B018F8 /* AppDelegate.m */ = {isa = PBXFileReference; lastKnownFileType = sourcecode.c.objc; path = AppDelegate.m; sourceTree = "<group>"; };
		2DE001931F35277500B018F8 /* ViewController.h */ = {isa = PBXFileReference; lastKnownFileType = sourcecode.c.h; path = ViewController.h; sourceTree = "<group>"; };
		2DE001941F35277500B018F8 /* ViewController.m */ = {isa = PBXFileReference; lastKnownFileType = sourcecode.c.objc; path = ViewController.m; sourceTree = "<group>"; };
		2DE001971F35277500B018F8 /* Base */ = {isa = PBXFileReference; lastKnownFileType = file.storyboard; name = Base; path = Base.lproj/Main.storyboard; sourceTree = "<group>"; };
		2DE001991F35277500B018F8 /* Assets.xcassets */ = {isa = PBXFileReference; lastKnownFileType = folder.assetcatalog; path = Assets.xcassets; sourceTree = "<group>"; };
		2DE0019C1F35277500B018F8 /* Base */ = {isa = PBXFileReference; lastKnownFileType = file.storyboard; name = Base; path = Base.lproj/LaunchScreen.storyboard; sourceTree = "<group>"; };
		2DE0019E1F35277500B018F8 /* Info.plist */ = {isa = PBXFileReference; lastKnownFileType = text.plist.xml; path = Info.plist; sourceTree = "<group>"; };
		2DE001A31F35277500B018F8 /* DiscountCalculatorTests.xctest */ = {isa = PBXFileReference; explicitFileType = wrapper.cfbundle; includeInIndex = 0; path = DiscountCalculatorTests.xctest; sourceTree = BUILT_PRODUCTS_DIR; };
		2DE001A71F35277500B018F8 /* DiscountCalculatorTests.m */ = {isa = PBXFileReference; lastKnownFileType = sourcecode.c.objc; path = DiscountCalculatorTests.m; sourceTree = "<group>"; };
		2DE001A91F35277500B018F8 /* Info.plist */ = {isa = PBXFileReference; lastKnownFileType = text.plist.xml; path = Info.plist; sourceTree = "<group>"; };
		2DE001AE1F35277500B018F8 /* DiscountCalculatorUITests.xctest */ = {isa = PBXFileReference; explicitFileType = wrapper.cfbundle; includeInIndex = 0; path = DiscountCalculatorUITests.xctest; sourceTree = BUILT_PRODUCTS_DIR; };
		2DE001B21F35277500B018F8 /* DiscountCalculatorUITests.m */ = {isa = PBXFileReference; lastKnownFileType = sourcecode.c.objc; path = DiscountCalculatorUITests.m; sourceTree = "<group>"; };
		2DE001B41F35277500B018F8 /* Info.plist */ = {isa = PBXFileReference; lastKnownFileType = text.plist.xml; path = Info.plist; sourceTree = "<group>"; };
/* End PBXFileReference section */

/* Begin PBXFrameworksBuildPhase section */
		2DE001871F35277500B018F8 /* Frameworks */ = {
			isa = PBXFrameworksBuildPhase;
			buildActionMask = 2147483647;
			files = (
			);
			runOnlyForDeploymentPostprocessing = 0;
		};
		2DE001A01F35277500B018F8 /* Frameworks */ = {
			isa = PBXFrameworksBuildPhase;
			buildActionMask = 2147483647;
			files = (
			);
			runOnlyForDeploymentPostprocessing = 0;
		};
		2DE001AB1F35277500B018F8 /* Frameworks */ = {
			isa = PBXFrameworksBuildPhase;
			buildActionMask = 2147483647;
			files = (
			);
			runOnlyForDeploymentPostprocessing = 0;
		};
/* End PBXFrameworksBuildPhase section */

/* Begin PBXGroup section */
		2DE001811F35277500B018F8 = {
			isa = PBXGroup;
			children = (
				2DE0018C1F35277500B018F8 /* DiscountCalculator */,
				2DE001A61F35277500B018F8 /* DiscountCalculatorTests */,
				2DE001B11F35277500B018F8 /* DiscountCalculatorUITests */,
				2DE0018B1F35277500B018F8 /* Products */,
			);
			sourceTree = "<group>";
		};
		2DE0018B1F35277500B018F8 /* Products */ = {
			isa = PBXGroup;
			children = (
				2DE0018A1F35277500B018F8 /* DiscountCalculator.app */,
				2DE001A31F35277500B018F8 /* DiscountCalculatorTests.xctest */,
				2DE001AE1F35277500B018F8 /* DiscountCalculatorUITests.xctest */,
			);
			name = Products;
			sourceTree = "<group>";
		};
		2DE0018C1F35277500B018F8 /* DiscountCalculator */ = {
			isa = PBXGroup;
			children = (
				2DE001901F35277500B018F8 /* AppDelegate.h */,
				2DE001911F35277500B018F8 /* AppDelegate.m */,
				2DE001931F35277500B018F8 /* ViewController.h */,
				2DE001941F35277500B018F8 /* ViewController.m */,
				2DE001961F35277500B018F8 /* Main.storyboard */,
				2DE001991F35277500B018F8 /* Assets.xcassets */,
				2DE0019B1F35277500B018F8 /* LaunchScreen.storyboard */,
				2DE0019E1F35277500B018F8 /* Info.plist */,
				2DE0018D1F35277500B018F8 /* Supporting Files */,
			);
			path = DiscountCalculator;
			sourceTree = "<group>";
		};
		2DE0018D1F35277500B018F8 /* Supporting Files */ = {
			isa = PBXGroup;
			children = (
				2DE0018E1F35277500B018F8 /* main.m */,
			);
			name = "Supporting Files";
			sourceTree = "<group>";
		};
		2DE001A61F35277500B018F8 /* DiscountCalculatorTests */ = {
			isa = PBXGroup;
			children = (
				2DE001A71F35277500B018F8 /* DiscountCalculatorTests.m */,
				2DE001A91F35277500B018F8 /* Info.plist */,
			);
			path = DiscountCalculatorTests;
			sourceTree = "<group>";
		};
		2DE001B11F35277500B018F8 /* DiscountCalculatorUITests */ = {
			isa = PBXGroup;
			children = (
				2DE001B21F35277500B018F8 /* DiscountCalculatorUITests.m */,
				2DE001B41F35277500B018F8 /* Info.plist */,
			);
			path = DiscountCalculatorUITests;
			sourceTree = "<group>";
		};
/* End PBXGroup section */

/* Begin PBXNativeTarget section */
		2DE001891F35277500B018F8 /* DiscountCalculator */ = {
			isa = PBXNativeTarget;
			buildConfigurationList = 2DE001B71F35277500B018F8 /* Build configuration list for PBXNativeTarget "DiscountCalculator" */;
			buildPhases = (
				2DE001861F35277500B018F8 /* Sources */,
				2DE001871F35277500B018F8 /* Frameworks */,
				2DE001881F35277500B018F8 /* Resources */,
			);
			buildRules = (
			);
			dependencies = (
			);
			name = DiscountCalculator;
			productName = DiscountCalculator;
			productReference = 2DE0018A1F35277500B018F8 /* DiscountCalculator.app */;
			productType = "com.apple.product-type.application";
		};
		2DE001A21F35277500B018F8 /* DiscountCalculatorTests */ = {
			isa = PBXNativeTarget;
			buildConfigurationList = 2DE001BA1F35277500B018F8 /* Build configuration list for PBXNativeTarget "DiscountCalculatorTests" */;
			buildPhases = (
				2DE0019F1F35277500B018F8 /* Sources */,
				2DE001A01F35277500B018F8 /* Frameworks */,
				2DE001A11F35277500B018F8 /* Resources */,
			);
			buildRules = (
			);
			dependencies = (
				2DE001A51F35277500B018F8 /* PBXTargetDependency */,
			);
			name = DiscountCalculatorTests;
			productName = DiscountCalculatorTests;
			productReference = 2DE001A31F35277500B018F8 /* DiscountCalculatorTests.xctest */;
			productType = "com.apple.product-type.bundle.unit-test";
		};
		2DE001AD1F35277500B018F8 /* DiscountCalculatorUITests */ = {
			isa = PBXNativeTarget;
			buildConfigurationList = 2DE001BD1F35277500B018F8 /* Build configuration list for PBXNativeTarget "DiscountCalculatorUITests" */;
			buildPhases = (
				2DE001AA1F35277500B018F8 /* Sources */,
				2DE001AB1F35277500B018F8 /* Frameworks */,
				2DE001AC1F35277500B018F8 /* Resources */,
			);
			buildRules = (
			);
			dependencies = (
				2DE001B01F35277500B018F8 /* PBXTargetDependency */,
			);
			name = DiscountCalculatorUITests;
			productName = DiscountCalculatorUITests;
			productReference = 2DE001AE1F35277500B018F8 /* DiscountCalculatorUITests.xctest */;
			productType = "com.apple.product-type.bundle.ui-testing";
		};
/* End PBXNativeTarget section */

/* Begin PBXProject section */
		2DE001821F35277500B018F8 /* Project object */ = {
			isa = PBXProject;
			attributes = {
				LastUpgradeCheck = 0820;
				ORGANIZATIONNAME = "Cary Zhang";
				TargetAttributes = {
					2DE001891F35277500B018F8 = {
						CreatedOnToolsVersion = 8.2.1;
						ProvisioningStyle = Automatic;
					};
					2DE001A21F35277500B018F8 = {
						CreatedOnToolsVersion = 8.2.1;
						ProvisioningStyle = Automatic;
						TestTargetID = 2DE001891F35277500B018F8;
					};
					2DE001AD1F35277500B018F8 = {
						CreatedOnToolsVersion = 8.2.1;
						ProvisioningStyle = Automatic;
						TestTargetID = 2DE001891F35277500B018F8;
					};
				};
			};
			buildConfigurationList = 2DE001851F35277500B018F8 /* Build configuration list for PBXProject "DiscountCalculator" */;
			compatibilityVersion = "Xcode 3.2";
			developmentRegion = English;
			hasScannedForEncodings = 0;
			knownRegions = (
				en,
				Base,
			);
			mainGroup = 2DE001811F35277500B018F8;
			productRefGroup = 2DE0018B1F35277500B018F8 /* Products */;
			projectDirPath = "";
			projectRoot = "";
			targets = (
				2DE001891F35277500B018F8 /* DiscountCalculator */,
				2DE001A21F35277500B018F8 /* DiscountCalculatorTests */,
				2DE001AD1F35277500B018F8 /* DiscountCalculatorUITests */,
			);
		};
/* End PBXProject section */

/* Begin PBXResourcesBuildPhase section */
		2DE001881F35277500B018F8 /* Resources */ = {
			isa = PBXResourcesBuildPhase;
			buildActionMask = 2147483647;
			files = (
				2DE0019D1F35277500B018F8 /* LaunchScreen.storyboard in Resources */,
				2DE0019A1F35277500B018F8 /* Assets.xcassets in Resources */,
				2DE001981F35277500B018F8 /* Main.storyboard in Resources */,
			);
			runOnlyForDeploymentPostprocessing = 0;
		};
		2DE001A11F35277500B018F8 /* Resources */ = {
			isa = PBXResourcesBuildPhase;
			buildActionMask = 2147483647;
			files = (
			);
			runOnlyForDeploymentPostprocessing = 0;
		};
		2DE001AC1F35277500B018F8 /* Resources */ = {
			isa = PBXResourcesBuildPhase;
			buildActionMask = 2147483647;
			files = (
			);
			runOnlyForDeploymentPostprocessing = 0;
		};
/* End PBXResourcesBuildPhase section */

/* Begin PBXSourcesBuildPhase section */
		2DE001861F35277500B018F8 /* Sources */ = {
			isa = PBXSourcesBuildPhase;
			buildActionMask = 2147483647;
			files = (
				2DE001951F35277500B018F8 /* ViewController.m in Sources */,
				2DE001921F35277500B018F8 /* AppDelegate.m in Sources */,
				2DE0018F1F35277500B018F8 /* main.m in Sources */,
			);
			runOnlyForDeploymentPostprocessing = 0;
		};
		2DE0019F1F35277500B018F8 /* Sources */ = {
			isa = PBXSourcesBuildPhase;
			buildActionMask = 2147483647;
			files = (
				2DE001A81F35277500B018F8 /* DiscountCalculatorTests.m in Sources */,
			);
			runOnlyForDeploymentPostprocessing = 0;
		};
		2DE001AA1F35277500B018F8 /* Sources */ = {
			isa = PBXSourcesBuildPhase;
			buildActionMask = 2147483647;
			files = (
				2DE001B31F35277500B018F8 /* DiscountCalculatorUITests.m in Sources */,
			);
			runOnlyForDeploymentPostprocessing = 0;
		};
/* End PBXSourcesBuildPhase section */

/* Begin PBXTargetDependency section */
		2DE001A51F35277500B018F8 /* PBXTargetDependency */ = {
			isa = PBXTargetDependency;
			target = 2DE001891F35277500B018F8 /* DiscountCalculator */;
			targetProxy = 2DE001A41F35277500B018F8 /* PBXContainerItemProxy */;
		};
		2DE001B01F35277500B018F8 /* PBXTargetDependency */ = {
			isa = PBXTargetDependency;
			target = 2DE001891F35277500B018F8 /* DiscountCalculator */;
			targetProxy = 2DE001AF1F35277500B018F8 /* PBXContainerItemProxy */;
		};
/* End PBXTargetDependency section */

/* Begin PBXVariantGroup section */
		2DE001961F35277500B018F8 /* Main.storyboard */ = {
			isa = PBXVariantGroup;
			children = (
				2DE001971F35277500B018F8 /* Base */,
			);
			name = Main.storyboard;
			sourceTree = "<group>";
		};
		2DE0019B1F35277500B018F8 /* LaunchScreen.storyboard */ = {
			isa = PBXVariantGroup;
			children = (
				2DE0019C1F35277500B018F8 /* Base */,
			);
			name = LaunchScreen.storyboard;
			sourceTree = "<group>";
		};
/* End PBXVariantGroup section */

/* Begin XCBuildConfiguration section */
		2DE001B51F35277500B018F8 /* Debug */ = {
			isa = XCBuildConfiguration;
			buildSettings = {
				ALWAYS_SEARCH_USER_PATHS = NO;
				CLANG_ANALYZER_NONNULL = YES;
				CLANG_CXX_LANGUAGE_STANDARD = "gnu++0x";
				CLANG_CXX_LIBRARY = "libc++";
				CLANG_ENABLE_MODULES = YES;
				CLANG_ENABLE_OBJC_ARC = YES;
				CLANG_WARN_BOOL_CONVERSION = YES;
				CLANG_WARN_CONSTANT_CONVERSION = YES;
				CLANG_WARN_DIRECT_OBJC_ISA_USAGE = YES_ERROR;
				CLANG_WARN_DOCUMENTATION_COMMENTS = YES;
				CLANG_WARN_EMPTY_BODY = YES;
				CLANG_WARN_ENUM_CONVERSION = YES;
				CLANG_WARN_INFINITE_RECURSION = YES;
				CLANG_WARN_INT_CONVERSION = YES;
				CLANG_WARN_OBJC_ROOT_CLASS = YES_ERROR;
				CLANG_WARN_SUSPICIOUS_MOVE = YES;
				CLANG_WARN_UNREACHABLE_CODE = YES;
				CLANG_WARN__DUPLICATE_METHOD_MATCH = YES;
				"CODE_SIGN_IDENTITY[sdk=iphoneos*]" = "iPhone Developer";
				COPY_PHASE_STRIP = NO;
				DEBUG_INFORMATION_FORMAT = dwarf;
				ENABLE_STRICT_OBJC_MSGSEND = YES;
				ENABLE_TESTABILITY = YES;
				GCC_C_LANGUAGE_STANDARD = gnu99;
				GCC_DYNAMIC_NO_PIC = NO;
				GCC_NO_COMMON_BLOCKS = YES;
				GCC_OPTIMIZATION_LEVEL = 0;
				GCC_PREPROCESSOR_DEFINITIONS = (
					"DEBUG=1",
					"$(inherited)",
				);
				GCC_WARN_64_TO_32_BIT_CONVERSION = YES;
				GCC_WARN_ABOUT_RETURN_TYPE = YES_ERROR;
				GCC_WARN_UNDECLARED_SELECTOR = YES;
				GCC_WARN_UNINITIALIZED_AUTOS = YES_AGGRESSIVE;
				GCC_WARN_UNUSED_FUNCTION = YES;
				GCC_WARN_UNUSED_VARIABLE = YES;
				IPHONEOS_DEPLOYMENT_TARGET = 10.2;
				MTL_ENABLE_DEBUG_INFO = YES;
				ONLY_ACTIVE_ARCH = YES;
				SDKROOT = iphoneos;
				TARGETED_DEVICE_FAMILY = "1,2";
			};
			name = Debug;
		};
		2DE001B61F35277500B018F8 /* Release */ = {
			isa = XCBuildConfiguration;
			buildSettings = {
				ALWAYS_SEARCH_USER_PATHS = NO;
				CLANG_ANALYZER_NONNULL = YES;
				CLANG_CXX_LANGUAGE_STANDARD = "gnu++0x";
				CLANG_CXX_LIBRARY = "libc++";
				CLANG_ENABLE_MODULES = YES;
				CLANG_ENABLE_OBJC_ARC = YES;
				CLANG_WARN_BOOL_CONVERSION = YES;
				CLANG_WARN_CONSTANT_CONVERSION = YES;
				CLANG_WARN_DIRECT_OBJC_ISA_USAGE = YES_ERROR;
				CLANG_WARN_DOCUMENTATION_COMMENTS = YES;
				CLANG_WARN_EMPTY_BODY = YES;
				CLANG_WARN_ENUM_CONVERSION = YES;
				CLANG_WARN_INFINITE_RECURSION = YES;
				CLANG_WARN_INT_CONVERSION = YES;
				CLANG_WARN_OBJC_ROOT_CLASS = YES_ERROR;
				CLANG_WARN_SUSPICIOUS_MOVE = YES;
				CLANG_WARN_UNREACHABLE_CODE = YES;
				CLANG_WARN__DUPLICATE_METHOD_MATCH = YES;
				"CODE_SIGN_IDENTITY[sdk=iphoneos*]" = "iPhone Developer";
				COPY_PHASE_STRIP = NO;
				DEBUG_INFORMATION_FORMAT = "dwarf-with-dsym";
				ENABLE_NS_ASSERTIONS = NO;
				ENABLE_STRICT_OBJC_MSGSEND = YES;
				GCC_C_LANGUAGE_STANDARD = gnu99;
				GCC_NO_COMMON_BLOCKS = YES;
				GCC_WARN_64_TO_32_BIT_CONVERSION = YES;
				GCC_WARN_ABOUT_RETURN_TYPE = YES_ERROR;
				GCC_WARN_UNDECLARED_SELECTOR = YES;
				GCC_WARN_UNINITIALIZED_AUTOS = YES_AGGRESSIVE;
				GCC_WARN_UNUSED_FUNCTION = YES;
				GCC_WARN_UNUSED_VARIABLE = YES;
				IPHONEOS_DEPLOYMENT_TARGET = 10.2;
				MTL_ENABLE_DEBUG_INFO = NO;
				SDKROOT = iphoneos;
				TARGETED_DEVICE_FAMILY = "1,2";
				VALIDATE_PRODUCT = YES;
			};
			name = Release;
		};
		2DE001B81F35277500B018F8 /* Debug */ = {
			isa = XCBuildConfiguration;
			buildSettings = {
				ASSETCATALOG_COMPILER_APPICON_NAME = AppIcon;
				INFOPLIST_FILE = DiscountCalculator/Info.plist;
				LD_RUNPATH_SEARCH_PATHS = "$(inherited) @executable_path/Frameworks";
				PRODUCT_BUNDLE_IDENTIFIER = "Cary-Zhang.DiscountCalculator";
				PRODUCT_NAME = "$(TARGET_NAME)";
			};
			name = Debug;
		};
		2DE001B91F35277500B018F8 /* Release */ = {
			isa = XCBuildConfiguration;
			buildSettings = {
				ASSETCATALOG_COMPILER_APPICON_NAME = AppIcon;
				INFOPLIST_FILE = DiscountCalculator/Info.plist;
				LD_RUNPATH_SEARCH_PATHS = "$(inherited) @executable_path/Frameworks";
				PRODUCT_BUNDLE_IDENTIFIER = "Cary-Zhang.DiscountCalculator";
				PRODUCT_NAME = "$(TARGET_NAME)";
			};
			name = Release;
		};
		2DE001BB1F35277500B018F8 /* Debug */ = {
			isa = XCBuildConfiguration;
			buildSettings = {
				BUNDLE_LOADER = "$(TEST_HOST)";
				INFOPLIST_FILE = DiscountCalculatorTests/Info.plist;
				LD_RUNPATH_SEARCH_PATHS = "$(inherited) @executable_path/Frameworks @loader_path/Frameworks";
				PRODUCT_BUNDLE_IDENTIFIER = "Cary-Zhang.DiscountCalculatorTests";
				PRODUCT_NAME = "$(TARGET_NAME)";
				TEST_HOST = "$(BUILT_PRODUCTS_DIR)/DiscountCalculator.app/DiscountCalculator";
			};
			name = Debug;
		};
		2DE001BC1F35277500B018F8 /* Release */ = {
			isa = XCBuildConfiguration;
			buildSettings = {
				BUNDLE_LOADER = "$(TEST_HOST)";
				INFOPLIST_FILE = DiscountCalculatorTests/Info.plist;
				LD_RUNPATH_SEARCH_PATHS = "$(inherited) @executable_path/Frameworks @loader_path/Frameworks";
				PRODUCT_BUNDLE_IDENTIFIER = "Cary-Zhang.DiscountCalculatorTests";
				PRODUCT_NAME = "$(TARGET_NAME)";
				TEST_HOST = "$(BUILT_PRODUCTS_DIR)/DiscountCalculator.app/DiscountCalculator";
			};
			name = Release;
		};
		2DE001BE1F35277500B018F8 /* Debug */ = {
			isa = XCBuildConfiguration;
			buildSettings = {
				INFOPLIST_FILE = DiscountCalculatorUITests/Info.plist;
				LD_RUNPATH_SEARCH_PATHS = "$(inherited) @executable_path/Frameworks @loader_path/Frameworks";
				PRODUCT_BUNDLE_IDENTIFIER = "Cary-Zhang.DiscountCalculatorUITests";
				PRODUCT_NAME = "$(TARGET_NAME)";
				TEST_TARGET_NAME = DiscountCalculator;
			};
			name = Debug;
		};
		2DE001BF1F35277500B018F8 /* Release */ = {
			isa = XCBuildConfiguration;
			buildSettings = {
				INFOPLIST_FILE = DiscountCalculatorUITests/Info.plist;
				LD_RUNPATH_SEARCH_PATHS = "$(inherited) @executable_path/Frameworks @loader_path/Frameworks";
				PRODUCT_BUNDLE_IDENTIFIER = "Cary-Zhang.DiscountCalculatorUITests";
				PRODUCT_NAME = "$(TARGET_NAME)";
				TEST_TARGET_NAME = DiscountCalculator;
			};
			name = Release;
		};
/* End XCBuildConfiguration section */

/* Begin XCConfigurationList section */
		2DE001851F35277500B018F8 /* Build configuration list for PBXProject "DiscountCalculator" */ = {
			isa = XCConfigurationList;
			buildConfigurations = (
				2DE001B51F35277500B018F8 /* Debug */,
				2DE001B61F35277500B018F8 /* Release */,
			);
			defaultConfigurationIsVisible = 0;
			defaultConfigurationName = Release;
		};
		2DE001B71F35277500B018F8 /* Build configuration list for PBXNativeTarget "DiscountCalculator" */ = {
			isa = XCConfigurationList;
			buildConfigurations = (
				2DE001B81F35277500B018F8 /* Debug */,
				2DE001B91F35277500B018F8 /* Release */,
			);
			defaultConfigurationIsVisible = 0;
		};
		2DE001BA1F35277500B018F8 /* Build configuration list for PBXNativeTarget "DiscountCalculatorTests" */ = {
			isa = XCConfigurationList;
			buildConfigurations = (
				2DE001BB1F35277500B018F8 /* Debug */,
				2DE001BC1F35277500B018F8 /* Release */,
			);
			defaultConfigurationIsVisible = 0;
		};
		2DE001BD1F35277500B018F8 /* Build configuration list for PBXNativeTarget "DiscountCalculatorUITests" */ = {
			isa = XCConfigurationList;
			buildConfigurations = (
				2DE001BE1F35277500B018F8 /* Debug */,
				2DE001BF1F35277500B018F8 /* Release */,
			);
			defaultConfigurationIsVisible = 0;
		};
/* End XCConfigurationList section */
	};
	rootObject = 2DE001821F35277500B018F8 /* Project object */;
}
